
Microsoft Visual Studio Solution File, Format Version 12.00
# Visual Studio Version 16
VisualStudioVersion = 16.0.30804.86
MinimumVisualStudioVersion = 10.0.40219.1
Project("{FAE04EC0-301F-11D3-BF4B-00C04F79EFBC}") = "TicTacToe", "TicTacToe\TicTacToe.csproj", "{53E53C79-8475-4D50-9AE2-C777C27492CE}"
EndProject
Global
	GlobalSection(SolutionConfigurationPlatforms) = preSolution
		Debug|Any CPU = Debug|Any CPU
		Release|Any CPU = Release|Any CPU
	EndGlobalSection
	GlobalSection(ProjectConfigurationPlatforms) = postSolution
		{53E53C79-8475-4D50-9AE2-C777C27492CE}.Debug|Any CPU.ActiveCfg = Debug|Any CPU
		{53E53C79-8475-4D50-9AE2-C777C27492CE}.Debug|Any CPU.Build.0 = Debug|Any CPU
		{53E53C79-8475-4D50-9AE2-C777C27492CE}.Release|Any CPU.ActiveCfg = Release|Any CPU
		{53E53C79-8475-4D50-9AE2-C777C27492CE}.Release|Any CPU.Build.0 = Release|Any CPU
	EndGlobalSection
	GlobalSection(SolutionProperties) = preSolution
		HideSolutionNode = FALSE
	EndGlobalSection
	GlobalSection(ExtensibilityGlobals) = postSolution
		SolutionGuid = {BE9DE483-ADCC-4953-8A01-FA36B7640A22}
	EndGlobalSection
EndGlobal
